
Microsoft Visual Studio Solution File, Format Version 12.00
# Visual Studio Version 16
VisualStudioVersion = 16.0.31729.503
MinimumVisualStudioVersion = 10.0.40219.1
Project("{FAE04EC0-301F-11D3-BF4B-00C04F79EFBC}") = "Task 1.2.4", "Task 1.2.4\Task 1.2.4.csproj", "{80C509DB-6266-4A07-BB6A-9903E4537D05}"
EndProject
Global
	GlobalSection(SolutionConfigurationPlatforms) = preSolution
		Debug|Any CPU = Debug|Any CPU
		Release|Any CPU = Release|Any CPU
	EndGlobalSection
	GlobalSection(ProjectConfigurationPlatforms) = postSolution
		{80C509DB-6266-4A07-BB6A-9903E4537D05}.Debug|Any CPU.ActiveCfg = Debug|Any CPU
		{80C509DB-6266-4A07-BB6A-9903E4537D05}.Debug|Any CPU.Build.0 = Debug|Any CPU
		{80C509DB-6266-4A07-BB6A-9903E4537D05}.Release|Any CPU.ActiveCfg = Release|Any CPU
		{80C509DB-6266-4A07-BB6A-9903E4537D05}.Release|Any CPU.Build.0 = Release|Any CPU
	EndGlobalSection
	GlobalSection(SolutionProperties) = preSolution
		HideSolutionNode = FALSE
	EndGlobalSection
	GlobalSection(ExtensibilityGlobals) = postSolution
		SolutionGuid = {D5DFF3F0-C5AE-4499-8B24-419C9B1D7AE5}
	EndGlobalSection
EndGlobal
